// !$*UTF8*$!
{
	archiveVersion = 1;
	classes = {
	};
	objectVersion = 56;
	objects = {

/* Begin PBXBuildFile section */
		7F95ECB62B82F231008092B0 /* AppDelegate.swift in Sources */ = {isa = PBXBuildFile; fileRef = 7F95ECB52B82F231008092B0 /* AppDelegate.swift */; };
		7F95ECB82B82F231008092B0 /* SceneDelegate.swift in Sources */ = {isa = PBXBuildFile; fileRef = 7F95ECB72B82F231008092B0 /* SceneDelegate.swift */; };
		7F95ECBA2B82F231008092B0 /* ViewController.swift in Sources */ = {isa = PBXBuildFile; fileRef = 7F95ECB92B82F231008092B0 /* ViewController.swift */; };
		7F95ECBD2B82F231008092B0 /* Main.storyboard in Resources */ = {isa = PBXBuildFile; fileRef = 7F95ECBB2B82F231008092B0 /* Main.storyboard */; };
		7F95ECBF2B82F234008092B0 /* Assets.xcassets in Resources */ = {isa = PBXBuildFile; fileRef = 7F95ECBE2B82F234008092B0 /* Assets.xcassets */; };
		7F95ECC22B82F234008092B0 /* LaunchScreen.storyboard in Resources */ = {isa = PBXBuildFile; fileRef = 7F95ECC02B82F234008092B0 /* LaunchScreen.storyboard */; };
		7F95ECCA2B82F246008092B0 /* LinkedQueue.swift in Sources */ = {isa = PBXBuildFile; fileRef = 7F95ECC92B82F246008092B0 /* LinkedQueue.swift */; };
		7F95ECCC2B82F296008092B0 /* ListNode.swift in Sources */ = {isa = PBXBuildFile; fileRef = 7F95ECCB2B82F296008092B0 /* ListNode.swift */; };
		7F95ECCE2B82F35D008092B0 /* ArrayQueue.swift in Sources */ = {isa = PBXBuildFile; fileRef = 7F95ECCD2B82F35D008092B0 /* ArrayQueue.swift */; };
		7F95ECD02B82F4D5008092B0 /* DoubleListNode.swift in Sources */ = {isa = PBXBuildFile; fileRef = 7F95ECCF2B82F4D5008092B0 /* DoubleListNode.swift */; };
		7F95ECD22B82F4E0008092B0 /* DoubleLinkedQueue.swift in Sources */ = {isa = PBXBuildFile; fileRef = 7F95ECD12B82F4E0008092B0 /* DoubleLinkedQueue.swift */; };
		7F95ECD62B82F6B8008092B0 /* DoubleArrayQueue.swift in Sources */ = {isa = PBXBuildFile; fileRef = 7F95ECD52B82F6B8008092B0 /* DoubleArrayQueue.swift */; };
/* End PBXBuildFile section */

/* Begin PBXFileReference section */
		7F95ECB22B82F231008092B0 /* QueueOP.app */ = {isa = PBXFileReference; explicitFileType = wrapper.application; includeInIndex = 0; path = QueueOP.app; sourceTree = BUILT_PRODUCTS_DIR; };
		7F95ECB52B82F231008092B0 /* AppDelegate.swift */ = {isa = PBXFileReference; lastKnownFileType = sourcecode.swift; path = AppDelegate.swift; sourceTree = "<group>"; };
		7F95ECB72B82F231008092B0 /* SceneDelegate.swift */ = {isa = PBXFileReference; lastKnownFileType = sourcecode.swift; path = SceneDelegate.swift; sourceTree = "<group>"; };
		7F95ECB92B82F231008092B0 /* ViewController.swift */ = {isa = PBXFileReference; lastKnownFileType = sourcecode.swift; path = ViewController.swift; sourceTree = "<group>"; };
		7F95ECBC2B82F231008092B0 /* Base */ = {isa = PBXFileReference; lastKnownFileType = file.storyboard; name = Base; path = Base.lproj/Main.storyboard; sourceTree = "<group>"; };
		7F95ECBE2B82F234008092B0 /* Assets.xcassets */ = {isa = PBXFileReference; lastKnownFileType = folder.assetcatalog; path = Assets.xcassets; sourceTree = "<group>"; };
		7F95ECC12B82F234008092B0 /* Base */ = {isa = PBXFileReference; lastKnownFileType = file.storyboard; name = Base; path = Base.lproj/LaunchScreen.storyboard; sourceTree = "<group>"; };
		7F95ECC32B82F234008092B0 /* Info.plist */ = {isa = PBXFileReference; lastKnownFileType = text.plist.xml; path = Info.plist; sourceTree = "<group>"; };
		7F95ECC92B82F246008092B0 /* LinkedQueue.swift */ = {isa = PBXFileReference; lastKnownFileType = sourcecode.swift; path = LinkedQueue.swift; sourceTree = "<group>"; };
		7F95ECCB2B82F296008092B0 /* ListNode.swift */ = {isa = PBXFileReference; lastKnownFileType = sourcecode.swift; path = ListNode.swift; sourceTree = "<group>"; };
		7F95ECCD2B82F35D008092B0 /* ArrayQueue.swift */ = {isa = PBXFileReference; lastKnownFileType = sourcecode.swift; path = ArrayQueue.swift; sourceTree = "<group>"; };
		7F95ECCF2B82F4D5008092B0 /* DoubleListNode.swift */ = {isa = PBXFileReference; lastKnownFileType = sourcecode.swift; path = DoubleListNode.swift; sourceTree = "<group>"; };
		7F95ECD12B82F4E0008092B0 /* DoubleLinkedQueue.swift */ = {isa = PBXFileReference; lastKnownFileType = sourcecode.swift; path = DoubleLinkedQueue.swift; sourceTree = "<group>"; };
		7F95ECD52B82F6B8008092B0 /* DoubleArrayQueue.swift */ = {isa = PBXFileReference; lastKnownFileType = sourcecode.swift; path = DoubleArrayQueue.swift; sourceTree = "<group>"; };
/* End PBXFileReference section */

/* Begin PBXFrameworksBuildPhase section */
		7F95ECAF2B82F231008092B0 /* Frameworks */ = {
			isa = PBXFrameworksBuildPhase;
			buildActionMask = 2147483647;
			files = (
			);
			runOnlyForDeploymentPostprocessing = 0;
		};
/* End PBXFrameworksBuildPhase section */

/* Begin PBXGroup section */
		7F95ECA92B82F231008092B0 = {
			isa = PBXGroup;
			children = (
				7F95ECB42B82F231008092B0 /* QueueOP */,
				7F95ECB32B82F231008092B0 /* Products */,
			);
			sourceTree = "<group>";
		};
		7F95ECB32B82F231008092B0 /* Products */ = {
			isa = PBXGroup;
			children = (
				7F95ECB22B82F231008092B0 /* QueueOP.app */,
			);
			name = Products;
			sourceTree = "<group>";
		};
		7F95ECB42B82F231008092B0 /* QueueOP */ = {
			isa = PBXGroup;
			children = (
				7F95ECB52B82F231008092B0 /* AppDelegate.swift */,
				7F95ECB72B82F231008092B0 /* SceneDelegate.swift */,
				7F95ECB92B82F231008092B0 /* ViewController.swift */,
				7F95ECD42B82F6AB008092B0 /* Array */,
				7F95ECD32B82F68F008092B0 /* LinkedList */,
				7F95ECBB2B82F231008092B0 /* Main.storyboard */,
				7F95ECBE2B82F234008092B0 /* Assets.xcassets */,
				7F95ECC02B82F234008092B0 /* LaunchScreen.storyboard */,
				7F95ECC32B82F234008092B0 /* Info.plist */,
			);
			path = QueueOP;
			sourceTree = "<group>";
		};
		7F95ECD32B82F68F008092B0 /* LinkedList */ = {
			isa = PBXGroup;
			children = (
				7F95ECCF2B82F4D5008092B0 /* DoubleListNode.swift */,
				7F95ECD12B82F4E0008092B0 /* DoubleLinkedQueue.swift */,
				7F95ECC92B82F246008092B0 /* LinkedQueue.swift */,
				7F95ECCB2B82F296008092B0 /* ListNode.swift */,
			);
			path = LinkedList;
			sourceTree = "<group>";
		};
		7F95ECD42B82F6AB008092B0 /* Array */ = {
			isa = PBXGroup;
			children = (
				7F95ECCD2B82F35D008092B0 /* ArrayQueue.swift */,
				7F95ECD52B82F6B8008092B0 /* DoubleArrayQueue.swift */,
			);
			path = Array;
			sourceTree = "<group>";
		};
/* End PBXGroup section */

/* Begin PBXNativeTarget section */
		7F95ECB12B82F231008092B0 /* QueueOP */ = {
			isa = PBXNativeTarget;
			buildConfigurationList = 7F95ECC62B82F234008092B0 /* Build configuration list for PBXNativeTarget "QueueOP" */;
			buildPhases = (
				7F95ECAE2B82F231008092B0 /* Sources */,
				7F95ECAF2B82F231008092B0 /* Frameworks */,
				7F95ECB02B82F231008092B0 /* Resources */,
			);
			buildRules = (
			);
			dependencies = (
			);
			name = QueueOP;
			productName = QueueOP;
			productReference = 7F95ECB22B82F231008092B0 /* QueueOP.app */;
			productType = "com.apple.product-type.application";
		};
/* End PBXNativeTarget section */

/* Begin PBXProject section */
		7F95ECAA2B82F231008092B0 /* Project object */ = {
			isa = PBXProject;
			attributes = {
				BuildIndependentTargetsInParallel = 1;
				LastSwiftUpdateCheck = 1420;
				LastUpgradeCheck = 1420;
				TargetAttributes = {
					7F95ECB12B82F231008092B0 = {
						CreatedOnToolsVersion = 14.2;
					};
				};
			};
			buildConfigurationList = 7F95ECAD2B82F231008092B0 /* Build configuration list for PBXProject "QueueOP" */;
			compatibilityVersion = "Xcode 14.0";
			developmentRegion = en;
			hasScannedForEncodings = 0;
			knownRegions = (
				en,
				Base,
			);
			mainGroup = 7F95ECA92B82F231008092B0;
			productRefGroup = 7F95ECB32B82F231008092B0 /* Products */;
			projectDirPath = "";
			projectRoot = "";
			targets = (
				7F95ECB12B82F231008092B0 /* QueueOP */,
			);
		};
/* End PBXProject section */

/* Begin PBXResourcesBuildPhase section */
		7F95ECB02B82F231008092B0 /* Resources */ = {
			isa = PBXResourcesBuildPhase;
			buildActionMask = 2147483647;
			files = (
				7F95ECC22B82F234008092B0 /* LaunchScreen.storyboard in Resources */,
				7F95ECBF2B82F234008092B0 /* Assets.xcassets in Resources */,
				7F95ECBD2B82F231008092B0 /* Main.storyboard in Resources */,
			);
			runOnlyForDeploymentPostprocessing = 0;
		};
/* End PBXResourcesBuildPhase section */

/* Begin PBXSourcesBuildPhase section */
		7F95ECAE2B82F231008092B0 /* Sources */ = {
			isa = PBXSourcesBuildPhase;
			buildActionMask = 2147483647;
			files = (
				7F95ECCA2B82F246008092B0 /* LinkedQueue.swift in Sources */,
				7F95ECD22B82F4E0008092B0 /* DoubleLinkedQueue.swift in Sources */,
				7F95ECCC2B82F296008092B0 /* ListNode.swift in Sources */,
				7F95ECBA2B82F231008092B0 /* ViewController.swift in Sources */,
				7F95ECD02B82F4D5008092B0 /* DoubleListNode.swift in Sources */,
				7F95ECCE2B82F35D008092B0 /* ArrayQueue.swift in Sources */,
				7F95ECB62B82F231008092B0 /* AppDelegate.swift in Sources */,
				7F95ECB82B82F231008092B0 /* SceneDelegate.swift in Sources */,
				7F95ECD62B82F6B8008092B0 /* DoubleArrayQueue.swift in Sources */,
			);
			runOnlyForDeploymentPostprocessing = 0;
		};
/* End PBXSourcesBuildPhase section */

/* Begin PBXVariantGroup section */
		7F95ECBB2B82F231008092B0 /* Main.storyboard */ = {
			isa = PBXVariantGroup;
			children = (
				7F95ECBC2B82F231008092B0 /* Base */,
			);
			name = Main.storyboard;
			sourceTree = "<group>";
		};
		7F95ECC02B82F234008092B0 /* LaunchScreen.storyboard */ = {
			isa = PBXVariantGroup;
			children = (
				7F95ECC12B82F234008092B0 /* Base */,
			);
			name = LaunchScreen.storyboard;
			sourceTree = "<group>";
		};
/* End PBXVariantGroup section */

/* Begin XCBuildConfiguration section */
		7F95ECC42B82F234008092B0 /* Debug */ = {
			isa = XCBuildConfiguration;
			buildSettings = {
				ALWAYS_SEARCH_USER_PATHS = NO;
				CLANG_ANALYZER_NONNULL = YES;
				CLANG_ANALYZER_NUMBER_OBJECT_CONVERSION = YES_AGGRESSIVE;
				CLANG_CXX_LANGUAGE_STANDARD = "gnu++20";
				CLANG_ENABLE_MODULES = YES;
				CLANG_ENABLE_OBJC_ARC = YES;
				CLANG_ENABLE_OBJC_WEAK = YES;
				CLANG_WARN_BLOCK_CAPTURE_AUTORELEASING = YES;
				CLANG_WARN_BOOL_CONVERSION = YES;
				CLANG_WARN_COMMA = YES;
				CLANG_WARN_CONSTANT_CONVERSION = YES;
				CLANG_WARN_DEPRECATED_OBJC_IMPLEMENTATIONS = YES;
				CLANG_WARN_DIRECT_OBJC_ISA_USAGE = YES_ERROR;
				CLANG_WARN_DOCUMENTATION_COMMENTS = YES;
				CLANG_WARN_EMPTY_BODY = YES;
				CLANG_WARN_ENUM_CONVERSION = YES;
				CLANG_WARN_INFINITE_RECURSION = YES;
				CLANG_WARN_INT_CONVERSION = YES;
				CLANG_WARN_NON_LITERAL_NULL_CONVERSION = YES;
				CLANG_WARN_OBJC_IMPLICIT_RETAIN_SELF = YES;
				CLANG_WARN_OBJC_LITERAL_CONVERSION = YES;
				CLANG_WARN_OBJC_ROOT_CLASS = YES_ERROR;
				CLANG_WARN_QUOTED_INCLUDE_IN_FRAMEWORK_HEADER = YES;
				CLANG_WARN_RANGE_LOOP_ANALYSIS = YES;
				CLANG_WARN_STRICT_PROTOTYPES = YES;
				CLANG_WARN_SUSPICIOUS_MOVE = YES;
				CLANG_WARN_UNGUARDED_AVAILABILITY = YES_AGGRESSIVE;
				CLANG_WARN_UNREACHABLE_CODE = YES;
				CLANG_WARN__DUPLICATE_METHOD_MATCH = YES;
				COPY_PHASE_STRIP = NO;
				DEBUG_INFORMATION_FORMAT = dwarf;
				ENABLE_STRICT_OBJC_MSGSEND = YES;
				ENABLE_TESTABILITY = YES;
				GCC_C_LANGUAGE_STANDARD = gnu11;
				GCC_DYNAMIC_NO_PIC = NO;
				GCC_NO_COMMON_BLOCKS = YES;
				GCC_OPTIMIZATION_LEVEL = 0;
				GCC_PREPROCESSOR_DEFINITIONS = (
					"DEBUG=1",
					"$(inherited)",
				);
				GCC_WARN_64_TO_32_BIT_CONVERSION = YES;
				GCC_WARN_ABOUT_RETURN_TYPE = YES_ERROR;
				GCC_WARN_UNDECLARED_SELECTOR = YES;
				GCC_WARN_UNINITIALIZED_AUTOS = YES_AGGRESSIVE;
				GCC_WARN_UNUSED_FUNCTION = YES;
				GCC_WARN_UNUSED_VARIABLE = YES;
				IPHONEOS_DEPLOYMENT_TARGET = 16.2;
				MTL_ENABLE_DEBUG_INFO = INCLUDE_SOURCE;
				MTL_FAST_MATH = YES;
				ONLY_ACTIVE_ARCH = YES;
				SDKROOT = iphoneos;
				SWIFT_ACTIVE_COMPILATION_CONDITIONS = DEBUG;
				SWIFT_OPTIMIZATION_LEVEL = "-Onone";
			};
			name = Debug;
		};
		7F95ECC52B82F234008092B0 /* Release */ = {
			isa = XCBuildConfiguration;
			buildSettings = {
				ALWAYS_SEARCH_USER_PATHS = NO;
				CLANG_ANALYZER_NONNULL = YES;
				CLANG_ANALYZER_NUMBER_OBJECT_CONVERSION = YES_AGGRESSIVE;
				CLANG_CXX_LANGUAGE_STANDARD = "gnu++20";
				CLANG_ENABLE_MODULES = YES;
				CLANG_ENABLE_OBJC_ARC = YES;
				CLANG_ENABLE_OBJC_WEAK = YES;
				CLANG_WARN_BLOCK_CAPTURE_AUTORELEASING = YES;
				CLANG_WARN_BOOL_CONVERSION = YES;
				CLANG_WARN_COMMA = YES;
				CLANG_WARN_CONSTANT_CONVERSION = YES;
				CLANG_WARN_DEPRECATED_OBJC_IMPLEMENTATIONS = YES;
				CLANG_WARN_DIRECT_OBJC_ISA_USAGE = YES_ERROR;
				CLANG_WARN_DOCUMENTATION_COMMENTS = YES;
				CLANG_WARN_EMPTY_BODY = YES;
				CLANG_WARN_ENUM_CONVERSION = YES;
				CLANG_WARN_INFINITE_RECURSION = YES;
				CLANG_WARN_INT_CONVERSION = YES;
				CLANG_WARN_NON_LITERAL_NULL_CONVERSION = YES;
				CLANG_WARN_OBJC_IMPLICIT_RETAIN_SELF = YES;
				CLANG_WARN_OBJC_LITERAL_CONVERSION = YES;
				CLANG_WARN_OBJC_ROOT_CLASS = YES_ERROR;
				CLANG_WARN_QUOTED_INCLUDE_IN_FRAMEWORK_HEADER = YES;
				CLANG_WARN_RANGE_LOOP_ANALYSIS = YES;
				CLANG_WARN_STRICT_PROTOTYPES = YES;
				CLANG_WARN_SUSPICIOUS_MOVE = YES;
				CLANG_WARN_UNGUARDED_AVAILABILITY = YES_AGGRESSIVE;
				CLANG_WARN_UNREACHABLE_CODE = YES;
				CLANG_WARN__DUPLICATE_METHOD_MATCH = YES;
				COPY_PHASE_STRIP = NO;
				DEBUG_INFORMATION_FORMAT = "dwarf-with-dsym";
				ENABLE_NS_ASSERTIONS = NO;
				ENABLE_STRICT_OBJC_MSGSEND = YES;
				GCC_C_LANGUAGE_STANDARD = gnu11;
				GCC_NO_COMMON_BLOCKS = YES;
				GCC_WARN_64_TO_32_BIT_CONVERSION = YES;
				GCC_WARN_ABOUT_RETURN_TYPE = YES_ERROR;
				GCC_WARN_UNDECLARED_SELECTOR = YES;
				GCC_WARN_UNINITIALIZED_AUTOS = YES_AGGRESSIVE;
				GCC_WARN_UNUSED_FUNCTION = YES;
				GCC_WARN_UNUSED_VARIABLE = YES;
				IPHONEOS_DEPLOYMENT_TARGET = 16.2;
				MTL_ENABLE_DEBUG_INFO = NO;
				MTL_FAST_MATH = YES;
				SDKROOT = iphoneos;
				SWIFT_COMPILATION_MODE = wholemodule;
				SWIFT_OPTIMIZATION_LEVEL = "-O";
				VALIDATE_PRODUCT = YES;
			};
			name = Release;
		};
		7F95ECC72B82F234008092B0 /* Debug */ = {
			isa = XCBuildConfiguration;
			buildSettings = {
				ASSETCATALOG_COMPILER_APPICON_NAME = AppIcon;
				ASSETCATALOG_COMPILER_GLOBAL_ACCENT_COLOR_NAME = AccentColor;
				CODE_SIGN_STYLE = Automatic;
				CURRENT_PROJECT_VERSION = 1;
				DEVELOPMENT_TEAM = VP7UV49VBW;
				GENERATE_INFOPLIST_FILE = YES;
				INFOPLIST_FILE = QueueOP/Info.plist;
				INFOPLIST_KEY_UIApplicationSupportsIndirectInputEvents = YES;
				INFOPLIST_KEY_UILaunchStoryboardName = LaunchScreen;
				INFOPLIST_KEY_UIMainStoryboardFile = Main;
				INFOPLIST_KEY_UISupportedInterfaceOrientations_iPad = "UIInterfaceOrientationPortrait UIInterfaceOrientationPortraitUpsideDown UIInterfaceOrientationLandscapeLeft UIInterfaceOrientationLandscapeRight";
				INFOPLIST_KEY_UISupportedInterfaceOrientations_iPhone = "UIInterfaceOrientationPortrait UIInterfaceOrientationLandscapeLeft UIInterfaceOrientationLandscapeRight";
				LD_RUNPATH_SEARCH_PATHS = (
					"$(inherited)",
					"@executable_path/Frameworks",
				);
				MARKETING_VERSION = 1.0;
				PRODUCT_BUNDLE_IDENTIFIER = com.test.QueueOP;
				PRODUCT_NAME = "$(TARGET_NAME)";
				SWIFT_EMIT_LOC_STRINGS = YES;
				SWIFT_VERSION = 5.0;
				TARGETED_DEVICE_FAMILY = "1,2";
			};
			name = Debug;
		};
		7F95ECC82B82F234008092B0 /* Release */ = {
			isa = XCBuildConfiguration;
			buildSettings = {
				ASSETCATALOG_COMPILER_APPICON_NAME = AppIcon;
				ASSETCATALOG_COMPILER_GLOBAL_ACCENT_COLOR_NAME = AccentColor;
				CODE_SIGN_STYLE = Automatic;
				CURRENT_PROJECT_VERSION = 1;
				DEVELOPMENT_TEAM = VP7UV49VBW;
				GENERATE_INFOPLIST_FILE = YES;
				INFOPLIST_FILE = QueueOP/Info.plist;
				INFOPLIST_KEY_UIApplicationSupportsIndirectInputEvents = YES;
				INFOPLIST_KEY_UILaunchStoryboardName = LaunchScreen;
				INFOPLIST_KEY_UIMainStoryboardFile = Main;
				INFOPLIST_KEY_UISupportedInterfaceOrientations_iPad = "UIInterfaceOrientationPortrait UIInterfaceOrientationPortraitUpsideDown UIInterfaceOrientationLandscapeLeft UIInterfaceOrientationLandscapeRight";
				INFOPLIST_KEY_UISupportedInterfaceOrientations_iPhone = "UIInterfaceOrientationPortrait UIInterfaceOrientationLandscapeLeft UIInterfaceOrientationLandscapeRight";
				LD_RUNPATH_SEARCH_PATHS = (
					"$(inherited)",
					"@executable_path/Frameworks",
				);
				MARKETING_VERSION = 1.0;
				PRODUCT_BUNDLE_IDENTIFIER = com.test.QueueOP;
				PRODUCT_NAME = "$(TARGET_NAME)";
				SWIFT_EMIT_LOC_STRINGS = YES;
				SWIFT_VERSION = 5.0;
				TARGETED_DEVICE_FAMILY = "1,2";
			};
			name = Release;
		};
/* End XCBuildConfiguration section */

/* Begin XCConfigurationList section */
		7F95ECAD2B82F231008092B0 /* Build configuration list for PBXProject "QueueOP" */ = {
			isa = XCConfigurationList;
			buildConfigurations = (
				7F95ECC42B82F234008092B0 /* Debug */,
				7F95ECC52B82F234008092B0 /* Release */,
			);
			defaultConfigurationIsVisible = 0;
			defaultConfigurationName = Release;
		};
		7F95ECC62B82F234008092B0 /* Build configuration list for PBXNativeTarget "QueueOP" */ = {
			isa = XCConfigurationList;
			buildConfigurations = (
				7F95ECC72B82F234008092B0 /* Debug */,
				7F95ECC82B82F234008092B0 /* Release */,
			);
			defaultConfigurationIsVisible = 0;
			defaultConfigurationName = Release;
		};
/* End XCConfigurationList section */
	};
	rootObject = 7F95ECAA2B82F231008092B0 /* Project object */;
}
