// !$*UTF8*$!
{
	archiveVersion = 1;
	classes = {
	};
	objectVersion = 56;
	objects = {

/* Begin PBXBuildFile section */
		7F95EC6C2B81DA2C008092B0 /* AppDelegate.swift in Sources */ = {isa = PBXBuildFile; fileRef = 7F95EC6B2B81DA2C008092B0 /* AppDelegate.swift */; };
		7F95EC6E2B81DA2C008092B0 /* SceneDelegate.swift in Sources */ = {isa = PBXBuildFile; fileRef = 7F95EC6D2B81DA2C008092B0 /* SceneDelegate.swift */; };
		7F95EC702B81DA2C008092B0 /* ViewController.swift in Sources */ = {isa = PBXBuildFile; fileRef = 7F95EC6F2B81DA2C008092B0 /* ViewController.swift */; };
		7F95EC732B81DA2C008092B0 /* Main.storyboard in Resources */ = {isa = PBXBuildFile; fileRef = 7F95EC712B81DA2C008092B0 /* Main.storyboard */; };
		7F95EC752B81DA30008092B0 /* Assets.xcassets in Resources */ = {isa = PBXBuildFile; fileRef = 7F95EC742B81DA30008092B0 /* Assets.xcassets */; };
		7F95EC782B81DA30008092B0 /* LaunchScreen.storyboard in Resources */ = {isa = PBXBuildFile; fileRef = 7F95EC762B81DA30008092B0 /* LaunchScreen.storyboard */; };
		7F95EC802B81DA4E008092B0 /* ListNode.swift in Sources */ = {isa = PBXBuildFile; fileRef = 7F95EC7F2B81DA4E008092B0 /* ListNode.swift */; };
		7F95EC822B81FABE008092B0 /* DoubleLinkedListViewController.swift in Sources */ = {isa = PBXBuildFile; fileRef = 7F95EC812B81FABE008092B0 /* DoubleLinkedListViewController.swift */; };
/* End PBXBuildFile section */

/* Begin PBXFileReference section */
		7F95EC682B81DA2C008092B0 /* LinkedListOP.app */ = {isa = PBXFileReference; explicitFileType = wrapper.application; includeInIndex = 0; path = LinkedListOP.app; sourceTree = BUILT_PRODUCTS_DIR; };
		7F95EC6B2B81DA2C008092B0 /* AppDelegate.swift */ = {isa = PBXFileReference; lastKnownFileType = sourcecode.swift; path = AppDelegate.swift; sourceTree = "<group>"; };
		7F95EC6D2B81DA2C008092B0 /* SceneDelegate.swift */ = {isa = PBXFileReference; lastKnownFileType = sourcecode.swift; path = SceneDelegate.swift; sourceTree = "<group>"; };
		7F95EC6F2B81DA2C008092B0 /* ViewController.swift */ = {isa = PBXFileReference; lastKnownFileType = sourcecode.swift; path = ViewController.swift; sourceTree = "<group>"; };
		7F95EC722B81DA2C008092B0 /* Base */ = {isa = PBXFileReference; lastKnownFileType = file.storyboard; name = Base; path = Base.lproj/Main.storyboard; sourceTree = "<group>"; };
		7F95EC742B81DA30008092B0 /* Assets.xcassets */ = {isa = PBXFileReference; lastKnownFileType = folder.assetcatalog; path = Assets.xcassets; sourceTree = "<group>"; };
		7F95EC772B81DA30008092B0 /* Base */ = {isa = PBXFileReference; lastKnownFileType = file.storyboard; name = Base; path = Base.lproj/LaunchScreen.storyboard; sourceTree = "<group>"; };
		7F95EC792B81DA30008092B0 /* Info.plist */ = {isa = PBXFileReference; lastKnownFileType = text.plist.xml; path = Info.plist; sourceTree = "<group>"; };
		7F95EC7F2B81DA4E008092B0 /* ListNode.swift */ = {isa = PBXFileReference; lastKnownFileType = sourcecode.swift; path = ListNode.swift; sourceTree = "<group>"; };
		7F95EC812B81FABE008092B0 /* DoubleLinkedListViewController.swift */ = {isa = PBXFileReference; lastKnownFileType = sourcecode.swift; path = DoubleLinkedListViewController.swift; sourceTree = "<group>"; };
/* End PBXFileReference section */

/* Begin PBXFrameworksBuildPhase section */
		7F95EC652B81DA2C008092B0 /* Frameworks */ = {
			isa = PBXFrameworksBuildPhase;
			buildActionMask = 2147483647;
			files = (
			);
			runOnlyForDeploymentPostprocessing = 0;
		};
/* End PBXFrameworksBuildPhase section */

/* Begin PBXGroup section */
		7F95EC5F2B81DA2C008092B0 = {
			isa = PBXGroup;
			children = (
				7F95EC6A2B81DA2C008092B0 /* LinkedListOP */,
				7F95EC692B81DA2C008092B0 /* Products */,
			);
			sourceTree = "<group>";
		};
		7F95EC692B81DA2C008092B0 /* Products */ = {
			isa = PBXGroup;
			children = (
				7F95EC682B81DA2C008092B0 /* LinkedListOP.app */,
			);
			name = Products;
			sourceTree = "<group>";
		};
		7F95EC6A2B81DA2C008092B0 /* LinkedListOP */ = {
			isa = PBXGroup;
			children = (
				7F95EC6B2B81DA2C008092B0 /* AppDelegate.swift */,
				7F95EC6D2B81DA2C008092B0 /* SceneDelegate.swift */,
				7F95EC6F2B81DA2C008092B0 /* ViewController.swift */,
				7F95EC812B81FABE008092B0 /* DoubleLinkedListViewController.swift */,
				7F95EC7F2B81DA4E008092B0 /* ListNode.swift */,
				7F95EC712B81DA2C008092B0 /* Main.storyboard */,
				7F95EC742B81DA30008092B0 /* Assets.xcassets */,
				7F95EC762B81DA30008092B0 /* LaunchScreen.storyboard */,
				7F95EC792B81DA30008092B0 /* Info.plist */,
			);
			path = LinkedListOP;
			sourceTree = "<group>";
		};
/* End PBXGroup section */

/* Begin PBXNativeTarget section */
		7F95EC672B81DA2C008092B0 /* LinkedListOP */ = {
			isa = PBXNativeTarget;
			buildConfigurationList = 7F95EC7C2B81DA30008092B0 /* Build configuration list for PBXNativeTarget "LinkedListOP" */;
			buildPhases = (
				7F95EC642B81DA2C008092B0 /* Sources */,
				7F95EC652B81DA2C008092B0 /* Frameworks */,
				7F95EC662B81DA2C008092B0 /* Resources */,
			);
			buildRules = (
			);
			dependencies = (
			);
			name = LinkedListOP;
			productName = LinkedListOP;
			productReference = 7F95EC682B81DA2C008092B0 /* LinkedListOP.app */;
			productType = "com.apple.product-type.application";
		};
/* End PBXNativeTarget section */

/* Begin PBXProject section */
		7F95EC602B81DA2C008092B0 /* Project object */ = {
			isa = PBXProject;
			attributes = {
				BuildIndependentTargetsInParallel = 1;
				LastSwiftUpdateCheck = 1420;
				LastUpgradeCheck = 1420;
				TargetAttributes = {
					7F95EC672B81DA2C008092B0 = {
						CreatedOnToolsVersion = 14.2;
					};
				};
			};
			buildConfigurationList = 7F95EC632B81DA2C008092B0 /* Build configuration list for PBXProject "LinkedListOP" */;
			compatibilityVersion = "Xcode 14.0";
			developmentRegion = en;
			hasScannedForEncodings = 0;
			knownRegions = (
				en,
				Base,
			);
			mainGroup = 7F95EC5F2B81DA2C008092B0;
			productRefGroup = 7F95EC692B81DA2C008092B0 /* Products */;
			projectDirPath = "";
			projectRoot = "";
			targets = (
				7F95EC672B81DA2C008092B0 /* LinkedListOP */,
			);
		};
/* End PBXProject section */

/* Begin PBXResourcesBuildPhase section */
		7F95EC662B81DA2C008092B0 /* Resources */ = {
			isa = PBXResourcesBuildPhase;
			buildActionMask = 2147483647;
			files = (
				7F95EC782B81DA30008092B0 /* LaunchScreen.storyboard in Resources */,
				7F95EC752B81DA30008092B0 /* Assets.xcassets in Resources */,
				7F95EC732B81DA2C008092B0 /* Main.storyboard in Resources */,
			);
			runOnlyForDeploymentPostprocessing = 0;
		};
/* End PBXResourcesBuildPhase section */

/* Begin PBXSourcesBuildPhase section */
		7F95EC642B81DA2C008092B0 /* Sources */ = {
			isa = PBXSourcesBuildPhase;
			buildActionMask = 2147483647;
			files = (
				7F95EC702B81DA2C008092B0 /* ViewController.swift in Sources */,
				7F95EC6C2B81DA2C008092B0 /* AppDelegate.swift in Sources */,
				7F95EC6E2B81DA2C008092B0 /* SceneDelegate.swift in Sources */,
				7F95EC822B81FABE008092B0 /* DoubleLinkedListViewController.swift in Sources */,
				7F95EC802B81DA4E008092B0 /* ListNode.swift in Sources */,
			);
			runOnlyForDeploymentPostprocessing = 0;
		};
/* End PBXSourcesBuildPhase section */

/* Begin PBXVariantGroup section */
		7F95EC712B81DA2C008092B0 /* Main.storyboard */ = {
			isa = PBXVariantGroup;
			children = (
				7F95EC722B81DA2C008092B0 /* Base */,
			);
			name = Main.storyboard;
			sourceTree = "<group>";
		};
		7F95EC762B81DA30008092B0 /* LaunchScreen.storyboard */ = {
			isa = PBXVariantGroup;
			children = (
				7F95EC772B81DA30008092B0 /* Base */,
			);
			name = LaunchScreen.storyboard;
			sourceTree = "<group>";
		};
/* End PBXVariantGroup section */

/* Begin XCBuildConfiguration section */
		7F95EC7A2B81DA30008092B0 /* Debug */ = {
			isa = XCBuildConfiguration;
			buildSettings = {
				ALWAYS_SEARCH_USER_PATHS = NO;
				CLANG_ANALYZER_NONNULL = YES;
				CLANG_ANALYZER_NUMBER_OBJECT_CONVERSION = YES_AGGRESSIVE;
				CLANG_CXX_LANGUAGE_STANDARD = "gnu++20";
				CLANG_ENABLE_MODULES = YES;
				CLANG_ENABLE_OBJC_ARC = YES;
				CLANG_ENABLE_OBJC_WEAK = YES;
				CLANG_WARN_BLOCK_CAPTURE_AUTORELEASING = YES;
				CLANG_WARN_BOOL_CONVERSION = YES;
				CLANG_WARN_COMMA = YES;
				CLANG_WARN_CONSTANT_CONVERSION = YES;
				CLANG_WARN_DEPRECATED_OBJC_IMPLEMENTATIONS = YES;
				CLANG_WARN_DIRECT_OBJC_ISA_USAGE = YES_ERROR;
				CLANG_WARN_DOCUMENTATION_COMMENTS = YES;
				CLANG_WARN_EMPTY_BODY = YES;
				CLANG_WARN_ENUM_CONVERSION = YES;
				CLANG_WARN_INFINITE_RECURSION = YES;
				CLANG_WARN_INT_CONVERSION = YES;
				CLANG_WARN_NON_LITERAL_NULL_CONVERSION = YES;
				CLANG_WARN_OBJC_IMPLICIT_RETAIN_SELF = YES;
				CLANG_WARN_OBJC_LITERAL_CONVERSION = YES;
				CLANG_WARN_OBJC_ROOT_CLASS = YES_ERROR;
				CLANG_WARN_QUOTED_INCLUDE_IN_FRAMEWORK_HEADER = YES;
				CLANG_WARN_RANGE_LOOP_ANALYSIS = YES;
				CLANG_WARN_STRICT_PROTOTYPES = YES;
				CLANG_WARN_SUSPICIOUS_MOVE = YES;
				CLANG_WARN_UNGUARDED_AVAILABILITY = YES_AGGRESSIVE;
				CLANG_WARN_UNREACHABLE_CODE = YES;
				CLANG_WARN__DUPLICATE_METHOD_MATCH = YES;
				COPY_PHASE_STRIP = NO;
				DEBUG_INFORMATION_FORMAT = dwarf;
				ENABLE_STRICT_OBJC_MSGSEND = YES;
				ENABLE_TESTABILITY = YES;
				GCC_C_LANGUAGE_STANDARD = gnu11;
				GCC_DYNAMIC_NO_PIC = NO;
				GCC_NO_COMMON_BLOCKS = YES;
				GCC_OPTIMIZATION_LEVEL = 0;
				GCC_PREPROCESSOR_DEFINITIONS = (
					"DEBUG=1",
					"$(inherited)",
				);
				GCC_WARN_64_TO_32_BIT_CONVERSION = YES;
				GCC_WARN_ABOUT_RETURN_TYPE = YES_ERROR;
				GCC_WARN_UNDECLARED_SELECTOR = YES;
				GCC_WARN_UNINITIALIZED_AUTOS = YES_AGGRESSIVE;
				GCC_WARN_UNUSED_FUNCTION = YES;
				GCC_WARN_UNUSED_VARIABLE = YES;
				IPHONEOS_DEPLOYMENT_TARGET = 16.2;
				MTL_ENABLE_DEBUG_INFO = INCLUDE_SOURCE;
				MTL_FAST_MATH = YES;
				ONLY_ACTIVE_ARCH = YES;
				SDKROOT = iphoneos;
				SWIFT_ACTIVE_COMPILATION_CONDITIONS = DEBUG;
				SWIFT_OPTIMIZATION_LEVEL = "-Onone";
			};
			name = Debug;
		};
		7F95EC7B2B81DA30008092B0 /* Release */ = {
			isa = XCBuildConfiguration;
			buildSettings = {
				ALWAYS_SEARCH_USER_PATHS = NO;
				CLANG_ANALYZER_NONNULL = YES;
				CLANG_ANALYZER_NUMBER_OBJECT_CONVERSION = YES_AGGRESSIVE;
				CLANG_CXX_LANGUAGE_STANDARD = "gnu++20";
				CLANG_ENABLE_MODULES = YES;
				CLANG_ENABLE_OBJC_ARC = YES;
				CLANG_ENABLE_OBJC_WEAK = YES;
				CLANG_WARN_BLOCK_CAPTURE_AUTORELEASING = YES;
				CLANG_WARN_BOOL_CONVERSION = YES;
				CLANG_WARN_COMMA = YES;
				CLANG_WARN_CONSTANT_CONVERSION = YES;
				CLANG_WARN_DEPRECATED_OBJC_IMPLEMENTATIONS = YES;
				CLANG_WARN_DIRECT_OBJC_ISA_USAGE = YES_ERROR;
				CLANG_WARN_DOCUMENTATION_COMMENTS = YES;
				CLANG_WARN_EMPTY_BODY = YES;
				CLANG_WARN_ENUM_CONVERSION = YES;
				CLANG_WARN_INFINITE_RECURSION = YES;
				CLANG_WARN_INT_CONVERSION = YES;
				CLANG_WARN_NON_LITERAL_NULL_CONVERSION = YES;
				CLANG_WARN_OBJC_IMPLICIT_RETAIN_SELF = YES;
				CLANG_WARN_OBJC_LITERAL_CONVERSION = YES;
				CLANG_WARN_OBJC_ROOT_CLASS = YES_ERROR;
				CLANG_WARN_QUOTED_INCLUDE_IN_FRAMEWORK_HEADER = YES;
				CLANG_WARN_RANGE_LOOP_ANALYSIS = YES;
				CLANG_WARN_STRICT_PROTOTYPES = YES;
				CLANG_WARN_SUSPICIOUS_MOVE = YES;
				CLANG_WARN_UNGUARDED_AVAILABILITY = YES_AGGRESSIVE;
				CLANG_WARN_UNREACHABLE_CODE = YES;
				CLANG_WARN__DUPLICATE_METHOD_MATCH = YES;
				COPY_PHASE_STRIP = NO;
				DEBUG_INFORMATION_FORMAT = "dwarf-with-dsym";
				ENABLE_NS_ASSERTIONS = NO;
				ENABLE_STRICT_OBJC_MSGSEND = YES;
				GCC_C_LANGUAGE_STANDARD = gnu11;
				GCC_NO_COMMON_BLOCKS = YES;
				GCC_WARN_64_TO_32_BIT_CONVERSION = YES;
				GCC_WARN_ABOUT_RETURN_TYPE = YES_ERROR;
				GCC_WARN_UNDECLARED_SELECTOR = YES;
				GCC_WARN_UNINITIALIZED_AUTOS = YES_AGGRESSIVE;
				GCC_WARN_UNUSED_FUNCTION = YES;
				GCC_WARN_UNUSED_VARIABLE = YES;
				IPHONEOS_DEPLOYMENT_TARGET = 16.2;
				MTL_ENABLE_DEBUG_INFO = NO;
				MTL_FAST_MATH = YES;
				SDKROOT = iphoneos;
				SWIFT_COMPILATION_MODE = wholemodule;
				SWIFT_OPTIMIZATION_LEVEL = "-O";
				VALIDATE_PRODUCT = YES;
			};
			name = Release;
		};
		7F95EC7D2B81DA30008092B0 /* Debug */ = {
			isa = XCBuildConfiguration;
			buildSettings = {
				ASSETCATALOG_COMPILER_APPICON_NAME = AppIcon;
				ASSETCATALOG_COMPILER_GLOBAL_ACCENT_COLOR_NAME = AccentColor;
				CODE_SIGN_STYLE = Automatic;
				CURRENT_PROJECT_VERSION = 1;
				DEVELOPMENT_TEAM = VP7UV49VBW;
				GENERATE_INFOPLIST_FILE = YES;
				INFOPLIST_FILE = LinkedListOP/Info.plist;
				INFOPLIST_KEY_UIApplicationSupportsIndirectInputEvents = YES;
				INFOPLIST_KEY_UILaunchStoryboardName = LaunchScreen;
				INFOPLIST_KEY_UIMainStoryboardFile = Main;
				INFOPLIST_KEY_UISupportedInterfaceOrientations_iPad = "UIInterfaceOrientationPortrait UIInterfaceOrientationPortraitUpsideDown UIInterfaceOrientationLandscapeLeft UIInterfaceOrientationLandscapeRight";
				INFOPLIST_KEY_UISupportedInterfaceOrientations_iPhone = "UIInterfaceOrientationPortrait UIInterfaceOrientationLandscapeLeft UIInterfaceOrientationLandscapeRight";
				IPHONEOS_DEPLOYMENT_TARGET = 15.0;
				LD_RUNPATH_SEARCH_PATHS = (
					"$(inherited)",
					"@executable_path/Frameworks",
				);
				MARKETING_VERSION = 1.0;
				PRODUCT_BUNDLE_IDENTIFIER = com.test.LinkedListOP;
				PRODUCT_NAME = "$(TARGET_NAME)";
				SWIFT_EMIT_LOC_STRINGS = YES;
				SWIFT_VERSION = 5.0;
				TARGETED_DEVICE_FAMILY = "1,2";
			};
			name = Debug;
		};
		7F95EC7E2B81DA30008092B0 /* Release */ = {
			isa = XCBuildConfiguration;
			buildSettings = {
				ASSETCATALOG_COMPILER_APPICON_NAME = AppIcon;
				ASSETCATALOG_COMPILER_GLOBAL_ACCENT_COLOR_NAME = AccentColor;
				CODE_SIGN_STYLE = Automatic;
				CURRENT_PROJECT_VERSION = 1;
				DEVELOPMENT_TEAM = VP7UV49VBW;
				GENERATE_INFOPLIST_FILE = YES;
				INFOPLIST_FILE = LinkedListOP/Info.plist;
				INFOPLIST_KEY_UIApplicationSupportsIndirectInputEvents = YES;
				INFOPLIST_KEY_UILaunchStoryboardName = LaunchScreen;
				INFOPLIST_KEY_UIMainStoryboardFile = Main;
				INFOPLIST_KEY_UISupportedInterfaceOrientations_iPad = "UIInterfaceOrientationPortrait UIInterfaceOrientationPortraitUpsideDown UIInterfaceOrientationLandscapeLeft UIInterfaceOrientationLandscapeRight";
				INFOPLIST_KEY_UISupportedInterfaceOrientations_iPhone = "UIInterfaceOrientationPortrait UIInterfaceOrientationLandscapeLeft UIInterfaceOrientationLandscapeRight";
				IPHONEOS_DEPLOYMENT_TARGET = 15.0;
				LD_RUNPATH_SEARCH_PATHS = (
					"$(inherited)",
					"@executable_path/Frameworks",
				);
				MARKETING_VERSION = 1.0;
				PRODUCT_BUNDLE_IDENTIFIER = com.test.LinkedListOP;
				PRODUCT_NAME = "$(TARGET_NAME)";
				SWIFT_EMIT_LOC_STRINGS = YES;
				SWIFT_VERSION = 5.0;
				TARGETED_DEVICE_FAMILY = "1,2";
			};
			name = Release;
		};
/* End XCBuildConfiguration section */

/* Begin XCConfigurationList section */
		7F95EC632B81DA2C008092B0 /* Build configuration list for PBXProject "LinkedListOP" */ = {
			isa = XCConfigurationList;
			buildConfigurations = (
				7F95EC7A2B81DA30008092B0 /* Debug */,
				7F95EC7B2B81DA30008092B0 /* Release */,
			);
			defaultConfigurationIsVisible = 0;
			defaultConfigurationName = Release;
		};
		7F95EC7C2B81DA30008092B0 /* Build configuration list for PBXNativeTarget "LinkedListOP" */ = {
			isa = XCConfigurationList;
			buildConfigurations = (
				7F95EC7D2B81DA30008092B0 /* Debug */,
				7F95EC7E2B81DA30008092B0 /* Release */,
			);
			defaultConfigurationIsVisible = 0;
			defaultConfigurationName = Release;
		};
/* End XCConfigurationList section */
	};
	rootObject = 7F95EC602B81DA2C008092B0 /* Project object */;
}
